// !$*UTF8*$!
{
	archiveVersion = 1;
	classes = {
	};
	objectVersion = 46;
	objects = {

/* Begin PBXBuildFile section */
		312D5DDD1DD252B9009978A0 /* Monstar.swift in Sources */ = {isa = PBXBuildFile; fileRef = 312D5DDC1DD252B9009978A0 /* Monstar.swift */; };
		312D5DEB1DD4F80E009978A0 /* config.mp3 in Resources */ = {isa = PBXBuildFile; fileRef = 312D5DDE1DD4F80E009978A0 /* config.mp3 */; };
		312D5DEC1DD4F80E009978A0 /* cure.mp3 in Resources */ = {isa = PBXBuildFile; fileRef = 312D5DDF1DD4F80E009978A0 /* cure.mp3 */; };
		312D5DED1DD4F80E009978A0 /* end_fight.wav in Resources */ = {isa = PBXBuildFile; fileRef = 312D5DE01DD4F80E009978A0 /* end_fight.wav */; };
		312D5DEE1DD4F80E009978A0 /* ending.mp3 in Resources */ = {isa = PBXBuildFile; fileRef = 312D5DE11DD4F80E009978A0 /* ending.mp3 */; };
		312D5DEF1DD4F80E009978A0 /* heal.mp3 in Resources */ = {isa = PBXBuildFile; fileRef = 312D5DE21DD4F80E009978A0 /* heal.mp3 */; };
		312D5DF01DD4F80E009978A0 /* levelup.mp3 in Resources */ = {isa = PBXBuildFile; fileRef = 312D5DE31DD4F80E009978A0 /* levelup.mp3 */; };
		312D5DF11DD4F80E009978A0 /* monstar_atack.wav in Resources */ = {isa = PBXBuildFile; fileRef = 312D5DE41DD4F80E009978A0 /* monstar_atack.wav */; };
		312D5DF21DD4F80E009978A0 /* monstar_atacked_damage.wav in Resources */ = {isa = PBXBuildFile; fileRef = 312D5DE51DD4F80E009978A0 /* monstar_atacked_damage.wav */; };
		312D5DF31DD4F80E009978A0 /* monstar_spellAtack.wav in Resources */ = {isa = PBXBuildFile; fileRef = 312D5DE61DD4F80E009978A0 /* monstar_spellAtack.wav */; };
		312D5DF41DD4F80E009978A0 /* monstar_spellatacked_damage.mp3 in Resources */ = {isa = PBXBuildFile; fileRef = 312D5DE71DD4F80E009978A0 /* monstar_spellatacked_damage.mp3 */; };
		312D5DF51DD4F80E009978A0 /* spell_bilizard.mp3 in Resources */ = {isa = PBXBuildFile; fileRef = 312D5DE81DD4F80E009978A0 /* spell_bilizard.mp3 */; };
		312D5DF61DD4F80E009978A0 /* spell_fire.mp3 in Resources */ = {isa = PBXBuildFile; fileRef = 312D5DE91DD4F80E009978A0 /* spell_fire.mp3 */; };
		312D5DF71DD4F80E009978A0 /* sword-slash3.mp3 in Resources */ = {isa = PBXBuildFile; fileRef = 312D5DEA1DD4F80E009978A0 /* sword-slash3.mp3 */; };
		312D5E011DD791DF009978A0 /* opening.mp3 in Resources */ = {isa = PBXBuildFile; fileRef = 312D5E001DD791DF009978A0 /* opening.mp3 */; };
		3163E7FF1DCC551800CAE75F /* AppDelegate.swift in Sources */ = {isa = PBXBuildFile; fileRef = 3163E7FE1DCC551800CAE75F /* AppDelegate.swift */; };
		3163E8011DCC551800CAE75F /* ViewController.swift in Sources */ = {isa = PBXBuildFile; fileRef = 3163E8001DCC551800CAE75F /* ViewController.swift */; };
		3163E8041DCC551800CAE75F /* Main.storyboard in Resources */ = {isa = PBXBuildFile; fileRef = 3163E8021DCC551800CAE75F /* Main.storyboard */; };
		3163E8061DCC551800CAE75F /* Assets.xcassets in Resources */ = {isa = PBXBuildFile; fileRef = 3163E8051DCC551800CAE75F /* Assets.xcassets */; };
		3163E8091DCC551800CAE75F /* LaunchScreen.storyboard in Resources */ = {isa = PBXBuildFile; fileRef = 3163E8071DCC551800CAE75F /* LaunchScreen.storyboard */; };
		3163E8141DCC551800CAE75F /* DQModoki1Tests.swift in Sources */ = {isa = PBXBuildFile; fileRef = 3163E8131DCC551800CAE75F /* DQModoki1Tests.swift */; };
		3163E81F1DCC551800CAE75F /* DQModoki1UITests.swift in Sources */ = {isa = PBXBuildFile; fileRef = 3163E81E1DCC551800CAE75F /* DQModoki1UITests.swift */; };
		3163E8361DCC558600CAE75F /* bkg1.jpg in Resources */ = {isa = PBXBuildFile; fileRef = 3163E82E1DCC558600CAE75F /* bkg1.jpg */; };
		3163E8371DCC558600CAE75F /* bkg2.jpeg in Resources */ = {isa = PBXBuildFile; fileRef = 3163E82F1DCC558600CAE75F /* bkg2.jpeg */; };
		3163E8381DCC558600CAE75F /* bkground.jpg in Resources */ = {isa = PBXBuildFile; fileRef = 3163E8301DCC558600CAE75F /* bkground.jpg */; };
		3163E8391DCC558600CAE75F /* hagure.png in Resources */ = {isa = PBXBuildFile; fileRef = 3163E8311DCC558600CAE75F /* hagure.png */; };
		3163E83B1DCC558600CAE75F /* wa.png in Resources */ = {isa = PBXBuildFile; fileRef = 3163E8331DCC558600CAE75F /* wa.png */; };
		3163E8461DCC5A4900CAE75F /* battle.mp3 in Resources */ = {isa = PBXBuildFile; fileRef = 3163E8431DCC5A4900CAE75F /* battle.mp3 */; };
		3163E84A1DCC5B8300CAE75F /* monstar.csv in Resources */ = {isa = PBXBuildFile; fileRef = 3163E8491DCC5B8300CAE75F /* monstar.csv */; };
		3163E84E1DCC5C2800CAE75F /* SEManager.swift in Sources */ = {isa = PBXBuildFile; fileRef = 3163E84D1DCC5C2800CAE75F /* SEManager.swift */; };
		3163E8501DCC5C3B00CAE75F /* FooFighter.swift in Sources */ = {isa = PBXBuildFile; fileRef = 3163E84F1DCC5C3B00CAE75F /* FooFighter.swift */; };
		3163E8561DCC5C6C00CAE75F /* Brave.swift in Sources */ = {isa = PBXBuildFile; fileRef = 3163E8551DCC5C6C00CAE75F /* Brave.swift */; };
		3163E8581DCC5C7900CAE75F /* Mage.swift in Sources */ = {isa = PBXBuildFile; fileRef = 3163E8571DCC5C7900CAE75F /* Mage.swift */; };
		3163E85A1DCC5F2D00CAE75F /* chara.csv in Resources */ = {isa = PBXBuildFile; fileRef = 3163E8591DCC5F2D00CAE75F /* chara.csv */; };
		3163E85C1DCC601F00CAE75F /* slime.png in Resources */ = {isa = PBXBuildFile; fileRef = 3163E85B1DCC601F00CAE75F /* slime.png */; };
		3163E85E1DCC696400CAE75F /* BattleViewController.swift in Sources */ = {isa = PBXBuildFile; fileRef = 3163E85D1DCC696400CAE75F /* BattleViewController.swift */; };
		3163E8601DCC6D9900CAE75F /* LoadFile.swift in Sources */ = {isa = PBXBuildFile; fileRef = 3163E85F1DCC6D9900CAE75F /* LoadFile.swift */; };
		3163E8621DCD38AF00CAE75F /* EndingViewController.swift in Sources */ = {isa = PBXBuildFile; fileRef = 3163E8611DCD38AF00CAE75F /* EndingViewController.swift */; };
		3163E8641DCD41AA00CAE75F /* endroll.csv in Resources */ = {isa = PBXBuildFile; fileRef = 3163E8631DCD41AA00CAE75F /* endroll.csv */; };
		3163E8661DCD5F2900CAE75F /* bkground2.jpg in Resources */ = {isa = PBXBuildFile; fileRef = 3163E8651DCD5F2900CAE75F /* bkground2.jpg */; };
/* End PBXBuildFile section */

/* Begin PBXContainerItemProxy section */
		3163E8101DCC551800CAE75F /* PBXContainerItemProxy */ = {
			isa = PBXContainerItemProxy;
			containerPortal = 3163E7F31DCC551700CAE75F /* Project object */;
			proxyType = 1;
			remoteGlobalIDString = 3163E7FA1DCC551700CAE75F;
			remoteInfo = DQModoki1;
		};
		3163E81B1DCC551800CAE75F /* PBXContainerItemProxy */ = {
			isa = PBXContainerItemProxy;
			containerPortal = 3163E7F31DCC551700CAE75F /* Project object */;
			proxyType = 1;
			remoteGlobalIDString = 3163E7FA1DCC551700CAE75F;
			remoteInfo = DQModoki1;
		};
/* End PBXContainerItemProxy section */

/* Begin PBXFileReference section */
		312D5DDC1DD252B9009978A0 /* Monstar.swift */ = {isa = PBXFileReference; fileEncoding = 4; lastKnownFileType = sourcecode.swift; path = Monstar.swift; sourceTree = "<group>"; };
		312D5DDE1DD4F80E009978A0 /* config.mp3 */ = {isa = PBXFileReference; lastKnownFileType = audio.mp3; path = config.mp3; sourceTree = "<group>"; };
		312D5DDF1DD4F80E009978A0 /* cure.mp3 */ = {isa = PBXFileReference; lastKnownFileType = audio.mp3; path = cure.mp3; sourceTree = "<group>"; };
		312D5DE01DD4F80E009978A0 /* end_fight.wav */ = {isa = PBXFileReference; lastKnownFileType = audio.wav; path = end_fight.wav; sourceTree = "<group>"; };
		312D5DE11DD4F80E009978A0 /* ending.mp3 */ = {isa = PBXFileReference; lastKnownFileType = audio.mp3; path = ending.mp3; sourceTree = "<group>"; };
		312D5DE21DD4F80E009978A0 /* heal.mp3 */ = {isa = PBXFileReference; lastKnownFileType = audio.mp3; path = heal.mp3; sourceTree = "<group>"; };
		312D5DE31DD4F80E009978A0 /* levelup.mp3 */ = {isa = PBXFileReference; lastKnownFileType = audio.mp3; path = levelup.mp3; sourceTree = "<group>"; };
		312D5DE41DD4F80E009978A0 /* monstar_atack.wav */ = {isa = PBXFileReference; lastKnownFileType = audio.wav; path = monstar_atack.wav; sourceTree = "<group>"; };
		312D5DE51DD4F80E009978A0 /* monstar_atacked_damage.wav */ = {isa = PBXFileReference; lastKnownFileType = audio.wav; path = monstar_atacked_damage.wav; sourceTree = "<group>"; };
		312D5DE61DD4F80E009978A0 /* monstar_spellAtack.wav */ = {isa = PBXFileReference; lastKnownFileType = audio.wav; path = monstar_spellAtack.wav; sourceTree = "<group>"; };
		312D5DE71DD4F80E009978A0 /* monstar_spellatacked_damage.mp3 */ = {isa = PBXFileReference; lastKnownFileType = audio.mp3; path = monstar_spellatacked_damage.mp3; sourceTree = "<group>"; };
		312D5DE81DD4F80E009978A0 /* spell_bilizard.mp3 */ = {isa = PBXFileReference; lastKnownFileType = audio.mp3; path = spell_bilizard.mp3; sourceTree = "<group>"; };
		312D5DE91DD4F80E009978A0 /* spell_fire.mp3 */ = {isa = PBXFileReference; lastKnownFileType = audio.mp3; path = spell_fire.mp3; sourceTree = "<group>"; };
		312D5DEA1DD4F80E009978A0 /* sword-slash3.mp3 */ = {isa = PBXFileReference; lastKnownFileType = audio.mp3; path = "sword-slash3.mp3"; sourceTree = "<group>"; };
		312D5E001DD791DF009978A0 /* opening.mp3 */ = {isa = PBXFileReference; lastKnownFileType = audio.mp3; path = opening.mp3; sourceTree = "<group>"; };
		3163E7FB1DCC551700CAE75F /* DQModoki1.app */ = {isa = PBXFileReference; explicitFileType = wrapper.application; includeInIndex = 0; path = DQModoki1.app; sourceTree = BUILT_PRODUCTS_DIR; };
		3163E7FE1DCC551800CAE75F /* AppDelegate.swift */ = {isa = PBXFileReference; lastKnownFileType = sourcecode.swift; path = AppDelegate.swift; sourceTree = "<group>"; };
		3163E8001DCC551800CAE75F /* ViewController.swift */ = {isa = PBXFileReference; lastKnownFileType = sourcecode.swift; path = ViewController.swift; sourceTree = "<group>"; };
		3163E8031DCC551800CAE75F /* Base */ = {isa = PBXFileReference; lastKnownFileType = file.storyboard; name = Base; path = Base.lproj/Main.storyboard; sourceTree = "<group>"; };
		3163E8051DCC551800CAE75F /* Assets.xcassets */ = {isa = PBXFileReference; lastKnownFileType = folder.assetcatalog; path = Assets.xcassets; sourceTree = "<group>"; };
		3163E8081DCC551800CAE75F /* Base */ = {isa = PBXFileReference; lastKnownFileType = file.storyboard; name = Base; path = Base.lproj/LaunchScreen.storyboard; sourceTree = "<group>"; };
		3163E80A1DCC551800CAE75F /* Info.plist */ = {isa = PBXFileReference; lastKnownFileType = text.plist.xml; path = Info.plist; sourceTree = "<group>"; };
		3163E80F1DCC551800CAE75F /* DQModoki1Tests.xctest */ = {isa = PBXFileReference; explicitFileType = wrapper.cfbundle; includeInIndex = 0; path = DQModoki1Tests.xctest; sourceTree = BUILT_PRODUCTS_DIR; };
		3163E8131DCC551800CAE75F /* DQModoki1Tests.swift */ = {isa = PBXFileReference; lastKnownFileType = sourcecode.swift; path = DQModoki1Tests.swift; sourceTree = "<group>"; };
		3163E8151DCC551800CAE75F /* Info.plist */ = {isa = PBXFileReference; lastKnownFileType = text.plist.xml; path = Info.plist; sourceTree = "<group>"; };
		3163E81A1DCC551800CAE75F /* DQModoki1UITests.xctest */ = {isa = PBXFileReference; explicitFileType = wrapper.cfbundle; includeInIndex = 0; path = DQModoki1UITests.xctest; sourceTree = BUILT_PRODUCTS_DIR; };
		3163E81E1DCC551800CAE75F /* DQModoki1UITests.swift */ = {isa = PBXFileReference; lastKnownFileType = sourcecode.swift; path = DQModoki1UITests.swift; sourceTree = "<group>"; };
		3163E8201DCC551800CAE75F /* Info.plist */ = {isa = PBXFileReference; lastKnownFileType = text.plist.xml; path = Info.plist; sourceTree = "<group>"; };
		3163E82E1DCC558600CAE75F /* bkg1.jpg */ = {isa = PBXFileReference; lastKnownFileType = image.jpeg; path = bkg1.jpg; sourceTree = "<group>"; };
		3163E82F1DCC558600CAE75F /* bkg2.jpeg */ = {isa = PBXFileReference; lastKnownFileType = image.jpeg; path = bkg2.jpeg; sourceTree = "<group>"; };
		3163E8301DCC558600CAE75F /* bkground.jpg */ = {isa = PBXFileReference; lastKnownFileType = image.jpeg; path = bkground.jpg; sourceTree = "<group>"; };
		3163E8311DCC558600CAE75F /* hagure.png */ = {isa = PBXFileReference; lastKnownFileType = image.png; path = hagure.png; sourceTree = "<group>"; };
		3163E8331DCC558600CAE75F /* wa.png */ = {isa = PBXFileReference; lastKnownFileType = image.png; path = wa.png; sourceTree = "<group>"; };
		3163E8431DCC5A4900CAE75F /* battle.mp3 */ = {isa = PBXFileReference; lastKnownFileType = audio.mp3; path = battle.mp3; sourceTree = "<group>"; };
		3163E8491DCC5B8300CAE75F /* monstar.csv */ = {isa = PBXFileReference; fileEncoding = 4; lastKnownFileType = text; path = monstar.csv; sourceTree = "<group>"; };
		3163E84D1DCC5C2800CAE75F /* SEManager.swift */ = {isa = PBXFileReference; fileEncoding = 4; lastKnownFileType = sourcecode.swift; path = SEManager.swift; sourceTree = "<group>"; };
		3163E84F1DCC5C3B00CAE75F /* FooFighter.swift */ = {isa = PBXFileReference; fileEncoding = 4; lastKnownFileType = sourcecode.swift; path = FooFighter.swift; sourceTree = "<group>"; };
		3163E8551DCC5C6C00CAE75F /* Brave.swift */ = {isa = PBXFileReference; fileEncoding = 4; lastKnownFileType = sourcecode.swift; path = Brave.swift; sourceTree = "<group>"; };
		3163E8571DCC5C7900CAE75F /* Mage.swift */ = {isa = PBXFileReference; fileEncoding = 4; lastKnownFileType = sourcecode.swift; path = Mage.swift; sourceTree = "<group>"; };
		3163E8591DCC5F2D00CAE75F /* chara.csv */ = {isa = PBXFileReference; fileEncoding = 4; lastKnownFileType = text; path = chara.csv; sourceTree = "<group>"; };
		3163E85B1DCC601F00CAE75F /* slime.png */ = {isa = PBXFileReference; lastKnownFileType = image.png; path = slime.png; sourceTree = "<group>"; };
		3163E85D1DCC696400CAE75F /* BattleViewController.swift */ = {isa = PBXFileReference; fileEncoding = 4; lastKnownFileType = sourcecode.swift; path = BattleViewController.swift; sourceTree = "<group>"; };
		3163E85F1DCC6D9900CAE75F /* LoadFile.swift */ = {isa = PBXFileReference; fileEncoding = 4; lastKnownFileType = sourcecode.swift; path = LoadFile.swift; sourceTree = "<group>"; };
		3163E8611DCD38AF00CAE75F /* EndingViewController.swift */ = {isa = PBXFileReference; fileEncoding = 4; lastKnownFileType = sourcecode.swift; path = EndingViewController.swift; sourceTree = "<group>"; };
		3163E8631DCD41AA00CAE75F /* endroll.csv */ = {isa = PBXFileReference; fileEncoding = 4; lastKnownFileType = text; path = endroll.csv; sourceTree = "<group>"; };
		3163E8651DCD5F2900CAE75F /* bkground2.jpg */ = {isa = PBXFileReference; lastKnownFileType = image.jpeg; path = bkground2.jpg; sourceTree = "<group>"; };
/* End PBXFileReference section */

/* Begin PBXFrameworksBuildPhase section */
		3163E7F81DCC551700CAE75F /* Frameworks */ = {
			isa = PBXFrameworksBuildPhase;
			buildActionMask = 2147483647;
			files = (
			);
			runOnlyForDeploymentPostprocessing = 0;
		};
		3163E80C1DCC551800CAE75F /* Frameworks */ = {
			isa = PBXFrameworksBuildPhase;
			buildActionMask = 2147483647;
			files = (
			);
			runOnlyForDeploymentPostprocessing = 0;
		};
		3163E8171DCC551800CAE75F /* Frameworks */ = {
			isa = PBXFrameworksBuildPhase;
			buildActionMask = 2147483647;
			files = (
			);
			runOnlyForDeploymentPostprocessing = 0;
		};
/* End PBXFrameworksBuildPhase section */

/* Begin PBXGroup section */
		3163E7F21DCC551700CAE75F = {
			isa = PBXGroup;
			children = (
				3163E7FD1DCC551800CAE75F /* DQModoki1 */,
				3163E8121DCC551800CAE75F /* DQModoki1Tests */,
				3163E81D1DCC551800CAE75F /* DQModoki1UITests */,
				3163E7FC1DCC551700CAE75F /* Products */,
			);
			sourceTree = "<group>";
		};
		3163E7FC1DCC551700CAE75F /* Products */ = {
			isa = PBXGroup;
			children = (
				3163E7FB1DCC551700CAE75F /* DQModoki1.app */,
				3163E80F1DCC551800CAE75F /* DQModoki1Tests.xctest */,
				3163E81A1DCC551800CAE75F /* DQModoki1UITests.xctest */,
			);
			name = Products;
			sourceTree = "<group>";
		};
		3163E7FD1DCC551800CAE75F /* DQModoki1 */ = {
			isa = PBXGroup;
			children = (
				3163E7FE1DCC551800CAE75F /* AppDelegate.swift */,
				3163E8001DCC551800CAE75F /* ViewController.swift */,
				3163E8021DCC551800CAE75F /* Main.storyboard */,
				3163E85F1DCC6D9900CAE75F /* LoadFile.swift */,
				3163E85D1DCC696400CAE75F /* BattleViewController.swift */,
				3163E8611DCD38AF00CAE75F /* EndingViewController.swift */,
				3163E83F1DCC5A4900CAE75F /* csv */,
				3163E8421DCC5A4900CAE75F /* se */,
				3163E82C1DCC558600CAE75F /* material */,
				3163E8051DCC551800CAE75F /* Assets.xcassets */,
				3163E8071DCC551800CAE75F /* LaunchScreen.storyboard */,
				3163E80A1DCC551800CAE75F /* Info.plist */,
				3163E84D1DCC5C2800CAE75F /* SEManager.swift */,
				3163E84F1DCC5C3B00CAE75F /* FooFighter.swift */,
				312D5DDC1DD252B9009978A0 /* Monstar.swift */,
				3163E8551DCC5C6C00CAE75F /* Brave.swift */,
				3163E8571DCC5C7900CAE75F /* Mage.swift */,
			);
			path = DQModoki1;
			sourceTree = "<group>";
		};
		3163E8121DCC551800CAE75F /* DQModoki1Tests */ = {
			isa = PBXGroup;
			children = (
				3163E8131DCC551800CAE75F /* DQModoki1Tests.swift */,
				3163E8151DCC551800CAE75F /* Info.plist */,
			);
			path = DQModoki1Tests;
			sourceTree = "<group>";
		};
		3163E81D1DCC551800CAE75F /* DQModoki1UITests */ = {
			isa = PBXGroup;
			children = (
				3163E81E1DCC551800CAE75F /* DQModoki1UITests.swift */,
				3163E8201DCC551800CAE75F /* Info.plist */,
			);
			path = DQModoki1UITests;
			sourceTree = "<group>";
		};
		3163E82C1DCC558600CAE75F /* material */ = {
			isa = PBXGroup;
			children = (
				3163E8651DCD5F2900CAE75F /* bkground2.jpg */,
				3163E85B1DCC601F00CAE75F /* slime.png */,
				3163E82E1DCC558600CAE75F /* bkg1.jpg */,
				3163E82F1DCC558600CAE75F /* bkg2.jpeg */,
				3163E8301DCC558600CAE75F /* bkground.jpg */,
				3163E8311DCC558600CAE75F /* hagure.png */,
				3163E8331DCC558600CAE75F /* wa.png */,
			);
			path = material;
			sourceTree = "<group>";
		};
		3163E83F1DCC5A4900CAE75F /* csv */ = {
			isa = PBXGroup;
			children = (
				3163E8631DCD41AA00CAE75F /* endroll.csv */,
				3163E8591DCC5F2D00CAE75F /* chara.csv */,
				3163E8491DCC5B8300CAE75F /* monstar.csv */,
			);
			name = csv;
			path = material/csv;
			sourceTree = "<group>";
		};
		3163E8421DCC5A4900CAE75F /* se */ = {
			isa = PBXGroup;
			children = (
				312D5E001DD791DF009978A0 /* opening.mp3 */,
				312D5DDE1DD4F80E009978A0 /* config.mp3 */,
				312D5DDF1DD4F80E009978A0 /* cure.mp3 */,
				312D5DE01DD4F80E009978A0 /* end_fight.wav */,
				312D5DE11DD4F80E009978A0 /* ending.mp3 */,
				312D5DE21DD4F80E009978A0 /* heal.mp3 */,
				312D5DE31DD4F80E009978A0 /* levelup.mp3 */,
				312D5DE41DD4F80E009978A0 /* monstar_atack.wav */,
				312D5DE51DD4F80E009978A0 /* monstar_atacked_damage.wav */,
				312D5DE61DD4F80E009978A0 /* monstar_spellAtack.wav */,
				312D5DE71DD4F80E009978A0 /* monstar_spellatacked_damage.mp3 */,
				312D5DE81DD4F80E009978A0 /* spell_bilizard.mp3 */,
				312D5DE91DD4F80E009978A0 /* spell_fire.mp3 */,
				312D5DEA1DD4F80E009978A0 /* sword-slash3.mp3 */,
				3163E8431DCC5A4900CAE75F /* battle.mp3 */,
			);
			name = se;
			path = material/se;
			sourceTree = "<group>";
		};
/* End PBXGroup section */

/* Begin PBXNativeTarget section */
		3163E7FA1DCC551700CAE75F /* DQModoki1 */ = {
			isa = PBXNativeTarget;
			buildConfigurationList = 3163E8231DCC551800CAE75F /* Build configuration list for PBXNativeTarget "DQModoki1" */;
			buildPhases = (
				3163E7F71DCC551700CAE75F /* Sources */,
				3163E7F81DCC551700CAE75F /* Frameworks */,
				3163E7F91DCC551700CAE75F /* Resources */,
			);
			buildRules = (
			);
			dependencies = (
			);
			name = DQModoki1;
			productName = DQModoki1;
			productReference = 3163E7FB1DCC551700CAE75F /* DQModoki1.app */;
			productType = "com.apple.product-type.application";
		};
		3163E80E1DCC551800CAE75F /* DQModoki1Tests */ = {
			isa = PBXNativeTarget;
			buildConfigurationList = 3163E8261DCC551800CAE75F /* Build configuration list for PBXNativeTarget "DQModoki1Tests" */;
			buildPhases = (
				3163E80B1DCC551800CAE75F /* Sources */,
				3163E80C1DCC551800CAE75F /* Frameworks */,
				3163E80D1DCC551800CAE75F /* Resources */,
			);
			buildRules = (
			);
			dependencies = (
				3163E8111DCC551800CAE75F /* PBXTargetDependency */,
			);
			name = DQModoki1Tests;
			productName = DQModoki1Tests;
			productReference = 3163E80F1DCC551800CAE75F /* DQModoki1Tests.xctest */;
			productType = "com.apple.product-type.bundle.unit-test";
		};
		3163E8191DCC551800CAE75F /* DQModoki1UITests */ = {
			isa = PBXNativeTarget;
			buildConfigurationList = 3163E8291DCC551800CAE75F /* Build configuration list for PBXNativeTarget "DQModoki1UITests" */;
			buildPhases = (
				3163E8161DCC551800CAE75F /* Sources */,
				3163E8171DCC551800CAE75F /* Frameworks */,
				3163E8181DCC551800CAE75F /* Resources */,
			);
			buildRules = (
			);
			dependencies = (
				3163E81C1DCC551800CAE75F /* PBXTargetDependency */,
			);
			name = DQModoki1UITests;
			productName = DQModoki1UITests;
			productReference = 3163E81A1DCC551800CAE75F /* DQModoki1UITests.xctest */;
			productType = "com.apple.product-type.bundle.ui-testing";
		};
/* End PBXNativeTarget section */

/* Begin PBXProject section */
		3163E7F31DCC551700CAE75F /* Project object */ = {
			isa = PBXProject;
			attributes = {
				LastSwiftUpdateCheck = 0730;
				LastUpgradeCheck = 0730;
				ORGANIZATIONNAME = "hiroto takashima";
				TargetAttributes = {
					3163E7FA1DCC551700CAE75F = {
						CreatedOnToolsVersion = 7.3.1;
						DevelopmentTeam = 788YQCRUF8;
					};
					3163E80E1DCC551800CAE75F = {
						CreatedOnToolsVersion = 7.3.1;
						TestTargetID = 3163E7FA1DCC551700CAE75F;
					};
					3163E8191DCC551800CAE75F = {
						CreatedOnToolsVersion = 7.3.1;
						TestTargetID = 3163E7FA1DCC551700CAE75F;
					};
				};
			};
			buildConfigurationList = 3163E7F61DCC551700CAE75F /* Build configuration list for PBXProject "DQModoki1" */;
			compatibilityVersion = "Xcode 3.2";
			developmentRegion = English;
			hasScannedForEncodings = 0;
			knownRegions = (
				en,
				Base,
			);
			mainGroup = 3163E7F21DCC551700CAE75F;
			productRefGroup = 3163E7FC1DCC551700CAE75F /* Products */;
			projectDirPath = "";
			projectRoot = "";
			targets = (
				3163E7FA1DCC551700CAE75F /* DQModoki1 */,
				3163E80E1DCC551800CAE75F /* DQModoki1Tests */,
				3163E8191DCC551800CAE75F /* DQModoki1UITests */,
			);
		};
/* End PBXProject section */

/* Begin PBXResourcesBuildPhase section */
		3163E7F91DCC551700CAE75F /* Resources */ = {
			isa = PBXResourcesBuildPhase;
			buildActionMask = 2147483647;
			files = (
				3163E8391DCC558600CAE75F /* hagure.png in Resources */,
				3163E85C1DCC601F00CAE75F /* slime.png in Resources */,
				312D5DF01DD4F80E009978A0 /* levelup.mp3 in Resources */,
				3163E8361DCC558600CAE75F /* bkg1.jpg in Resources */,
				312D5DED1DD4F80E009978A0 /* end_fight.wav in Resources */,
				312D5DF11DD4F80E009978A0 /* monstar_atack.wav in Resources */,
				312D5DF71DD4F80E009978A0 /* sword-slash3.mp3 in Resources */,
				3163E8461DCC5A4900CAE75F /* battle.mp3 in Resources */,
				3163E8091DCC551800CAE75F /* LaunchScreen.storyboard in Resources */,
				312D5DEC1DD4F80E009978A0 /* cure.mp3 in Resources */,
				312D5DF61DD4F80E009978A0 /* spell_fire.mp3 in Resources */,
				3163E84A1DCC5B8300CAE75F /* monstar.csv in Resources */,
				3163E85A1DCC5F2D00CAE75F /* chara.csv in Resources */,
				312D5DF51DD4F80E009978A0 /* spell_bilizard.mp3 in Resources */,
				3163E83B1DCC558600CAE75F /* wa.png in Resources */,
				3163E8661DCD5F2900CAE75F /* bkground2.jpg in Resources */,
				3163E8641DCD41AA00CAE75F /* endroll.csv in Resources */,
				3163E8381DCC558600CAE75F /* bkground.jpg in Resources */,
				3163E8061DCC551800CAE75F /* Assets.xcassets in Resources */,
				3163E8041DCC551800CAE75F /* Main.storyboard in Resources */,
				3163E8371DCC558600CAE75F /* bkg2.jpeg in Resources */,
				312D5DEB1DD4F80E009978A0 /* config.mp3 in Resources */,
				312D5DF41DD4F80E009978A0 /* monstar_spellatacked_damage.mp3 in Resources */,
				312D5DEF1DD4F80E009978A0 /* heal.mp3 in Resources */,
				312D5DF21DD4F80E009978A0 /* monstar_atacked_damage.wav in Resources */,
				312D5E011DD791DF009978A0 /* opening.mp3 in Resources */,
				312D5DF31DD4F80E009978A0 /* monstar_spellAtack.wav in Resources */,
				312D5DEE1DD4F80E009978A0 /* ending.mp3 in Resources */,
			);
			runOnlyForDeploymentPostprocessing = 0;
		};
		3163E80D1DCC551800CAE75F /* Resources */ = {
			isa = PBXResourcesBuildPhase;
			buildActionMask = 2147483647;
			files = (
			);
			runOnlyForDeploymentPostprocessing = 0;
		};
		3163E8181DCC551800CAE75F /* Resources */ = {
			isa = PBXResourcesBuildPhase;
			buildActionMask = 2147483647;
			files = (
			);
			runOnlyForDeploymentPostprocessing = 0;
		};
/* End PBXResourcesBuildPhase section */

/* Begin PBXSourcesBuildPhase section */
		3163E7F71DCC551700CAE75F /* Sources */ = {
			isa = PBXSourcesBuildPhase;
			buildActionMask = 2147483647;
			files = (
				312D5DDD1DD252B9009978A0 /* Monstar.swift in Sources */,
				3163E8501DCC5C3B00CAE75F /* FooFighter.swift in Sources */,
				3163E8601DCC6D9900CAE75F /* LoadFile.swift in Sources */,
				3163E84E1DCC5C2800CAE75F /* SEManager.swift in Sources */,
				3163E8561DCC5C6C00CAE75F /* Brave.swift in Sources */,
				3163E8011DCC551800CAE75F /* ViewController.swift in Sources */,
				3163E8621DCD38AF00CAE75F /* EndingViewController.swift in Sources */,
				3163E85E1DCC696400CAE75F /* BattleViewController.swift in Sources */,
				3163E7FF1DCC551800CAE75F /* AppDelegate.swift in Sources */,
				3163E8581DCC5C7900CAE75F /* Mage.swift in Sources */,
			);
			runOnlyForDeploymentPostprocessing = 0;
		};
		3163E80B1DCC551800CAE75F /* Sources */ = {
			isa = PBXSourcesBuildPhase;
			buildActionMask = 2147483647;
			files = (
				3163E8141DCC551800CAE75F /* DQModoki1Tests.swift in Sources */,
			);
			runOnlyForDeploymentPostprocessing = 0;
		};
		3163E8161DCC551800CAE75F /* Sources */ = {
			isa = PBXSourcesBuildPhase;
			buildActionMask = 2147483647;
			files = (
				3163E81F1DCC551800CAE75F /* DQModoki1UITests.swift in Sources */,
			);
			runOnlyForDeploymentPostprocessing = 0;
		};
/* End PBXSourcesBuildPhase section */

/* Begin PBXTargetDependency section */
		3163E8111DCC551800CAE75F /* PBXTargetDependency */ = {
			isa = PBXTargetDependency;
			target = 3163E7FA1DCC551700CAE75F /* DQModoki1 */;
			targetProxy = 3163E8101DCC551800CAE75F /* PBXContainerItemProxy */;
		};
		3163E81C1DCC551800CAE75F /* PBXTargetDependency */ = {
			isa = PBXTargetDependency;
			target = 3163E7FA1DCC551700CAE75F /* DQModoki1 */;
			targetProxy = 3163E81B1DCC551800CAE75F /* PBXContainerItemProxy */;
		};
/* End PBXTargetDependency section */

/* Begin PBXVariantGroup section */
		3163E8021DCC551800CAE75F /* Main.storyboard */ = {
			isa = PBXVariantGroup;
			children = (
				3163E8031DCC551800CAE75F /* Base */,
			);
			name = Main.storyboard;
			sourceTree = "<group>";
		};
		3163E8071DCC551800CAE75F /* LaunchScreen.storyboard */ = {
			isa = PBXVariantGroup;
			children = (
				3163E8081DCC551800CAE75F /* Base */,
			);
			name = LaunchScreen.storyboard;
			sourceTree = "<group>";
		};
/* End PBXVariantGroup section */

/* Begin XCBuildConfiguration section */
		3163E8211DCC551800CAE75F /* Debug */ = {
			isa = XCBuildConfiguration;
			buildSettings = {
				ALWAYS_SEARCH_USER_PATHS = NO;
				CLANG_ANALYZER_NONNULL = YES;
				CLANG_CXX_LANGUAGE_STANDARD = "gnu++0x";
				CLANG_CXX_LIBRARY = "libc++";
				CLANG_ENABLE_MODULES = YES;
				CLANG_ENABLE_OBJC_ARC = YES;
				CLANG_WARN_BOOL_CONVERSION = YES;
				CLANG_WARN_CONSTANT_CONVERSION = YES;
				CLANG_WARN_DIRECT_OBJC_ISA_USAGE = YES_ERROR;
				CLANG_WARN_EMPTY_BODY = YES;
				CLANG_WARN_ENUM_CONVERSION = YES;
				CLANG_WARN_INT_CONVERSION = YES;
				CLANG_WARN_OBJC_ROOT_CLASS = YES_ERROR;
				CLANG_WARN_UNREACHABLE_CODE = YES;
				CLANG_WARN__DUPLICATE_METHOD_MATCH = YES;
				"CODE_SIGN_IDENTITY[sdk=iphoneos*]" = "iPhone Developer";
				COPY_PHASE_STRIP = NO;
				DEBUG_INFORMATION_FORMAT = dwarf;
				ENABLE_STRICT_OBJC_MSGSEND = YES;
				ENABLE_TESTABILITY = YES;
				GCC_C_LANGUAGE_STANDARD = gnu99;
				GCC_DYNAMIC_NO_PIC = NO;
				GCC_NO_COMMON_BLOCKS = YES;
				GCC_OPTIMIZATION_LEVEL = 0;
				GCC_PREPROCESSOR_DEFINITIONS = (
					"DEBUG=1",
					"$(inherited)",
				);
				GCC_WARN_64_TO_32_BIT_CONVERSION = YES;
				GCC_WARN_ABOUT_RETURN_TYPE = YES_ERROR;
				GCC_WARN_UNDECLARED_SELECTOR = YES;
				GCC_WARN_UNINITIALIZED_AUTOS = YES_AGGRESSIVE;
				GCC_WARN_UNUSED_FUNCTION = YES;
				GCC_WARN_UNUSED_VARIABLE = YES;
				IPHONEOS_DEPLOYMENT_TARGET = 9.3;
				MTL_ENABLE_DEBUG_INFO = YES;
				ONLY_ACTIVE_ARCH = YES;
				SDKROOT = iphoneos;
				SWIFT_OPTIMIZATION_LEVEL = "-Onone";
			};
			name = Debug;
		};
		3163E8221DCC551800CAE75F /* Release */ = {
			isa = XCBuildConfiguration;
			buildSettings = {
				ALWAYS_SEARCH_USER_PATHS = NO;
				CLANG_ANALYZER_NONNULL = YES;
				CLANG_CXX_LANGUAGE_STANDARD = "gnu++0x";
				CLANG_CXX_LIBRARY = "libc++";
				CLANG_ENABLE_MODULES = YES;
				CLANG_ENABLE_OBJC_ARC = YES;
				CLANG_WARN_BOOL_CONVERSION = YES;
				CLANG_WARN_CONSTANT_CONVERSION = YES;
				CLANG_WARN_DIRECT_OBJC_ISA_USAGE = YES_ERROR;
				CLANG_WARN_EMPTY_BODY = YES;
				CLANG_WARN_ENUM_CONVERSION = YES;
				CLANG_WARN_INT_CONVERSION = YES;
				CLANG_WARN_OBJC_ROOT_CLASS = YES_ERROR;
				CLANG_WARN_UNREACHABLE_CODE = YES;
				CLANG_WARN__DUPLICATE_METHOD_MATCH = YES;
				"CODE_SIGN_IDENTITY[sdk=iphoneos*]" = "iPhone Developer";
				COPY_PHASE_STRIP = NO;
				DEBUG_INFORMATION_FORMAT = "dwarf-with-dsym";
				ENABLE_NS_ASSERTIONS = NO;
				ENABLE_STRICT_OBJC_MSGSEND = YES;
				GCC_C_LANGUAGE_STANDARD = gnu99;
				GCC_NO_COMMON_BLOCKS = YES;
				GCC_WARN_64_TO_32_BIT_CONVERSION = YES;
				GCC_WARN_ABOUT_RETURN_TYPE = YES_ERROR;
				GCC_WARN_UNDECLARED_SELECTOR = YES;
				GCC_WARN_UNINITIALIZED_AUTOS = YES_AGGRESSIVE;
				GCC_WARN_UNUSED_FUNCTION = YES;
				GCC_WARN_UNUSED_VARIABLE = YES;
				IPHONEOS_DEPLOYMENT_TARGET = 9.3;
				MTL_ENABLE_DEBUG_INFO = NO;
				SDKROOT = iphoneos;
				VALIDATE_PRODUCT = YES;
			};
			name = Release;
		};
		3163E8241DCC551800CAE75F /* Debug */ = {
			isa = XCBuildConfiguration;
			buildSettings = {
				ASSETCATALOG_COMPILER_APPICON_NAME = AppIcon;
				CODE_SIGN_IDENTITY = "iPhone Developer";
				"CODE_SIGN_IDENTITY[sdk=iphoneos*]" = "iPhone Developer";
				INFOPLIST_FILE = DQModoki1/Info.plist;
				LD_RUNPATH_SEARCH_PATHS = "$(inherited) @executable_path/Frameworks";
				PRODUCT_BUNDLE_IDENTIFIER = com.snow.DQModoki1;
				PRODUCT_NAME = "$(TARGET_NAME)";
				PROVISIONING_PROFILE = "";
			};
			name = Debug;
		};
		3163E8251DCC551800CAE75F /* Release */ = {
			isa = XCBuildConfiguration;
			buildSettings = {
				ASSETCATALOG_COMPILER_APPICON_NAME = AppIcon;
				CODE_SIGN_IDENTITY = "iPhone Developer";
				"CODE_SIGN_IDENTITY[sdk=iphoneos*]" = "iPhone Developer";
				INFOPLIST_FILE = DQModoki1/Info.plist;
				LD_RUNPATH_SEARCH_PATHS = "$(inherited) @executable_path/Frameworks";
				PRODUCT_BUNDLE_IDENTIFIER = com.snow.DQModoki1;
				PRODUCT_NAME = "$(TARGET_NAME)";
				PROVISIONING_PROFILE = "";
			};
			name = Release;
		};
		3163E8271DCC551800CAE75F /* Debug */ = {
			isa = XCBuildConfiguration;
			buildSettings = {
				BUNDLE_LOADER = "$(TEST_HOST)";
				INFOPLIST_FILE = DQModoki1Tests/Info.plist;
				LD_RUNPATH_SEARCH_PATHS = "$(inherited) @executable_path/Frameworks @loader_path/Frameworks";
				PRODUCT_BUNDLE_IDENTIFIER = com.snow.DQModoki1Tests;
				PRODUCT_NAME = "$(TARGET_NAME)";
				TEST_HOST = "$(BUILT_PRODUCTS_DIR)/DQModoki1.app/DQModoki1";
			};
			name = Debug;
		};
		3163E8281DCC551800CAE75F /* Release */ = {
			isa = XCBuildConfiguration;
			buildSettings = {
				BUNDLE_LOADER = "$(TEST_HOST)";
				INFOPLIST_FILE = DQModoki1Tests/Info.plist;
				LD_RUNPATH_SEARCH_PATHS = "$(inherited) @executable_path/Frameworks @loader_path/Frameworks";
				PRODUCT_BUNDLE_IDENTIFIER = com.snow.DQModoki1Tests;
				PRODUCT_NAME = "$(TARGET_NAME)";
				TEST_HOST = "$(BUILT_PRODUCTS_DIR)/DQModoki1.app/DQModoki1";
			};
			name = Release;
		};
		3163E82A1DCC551800CAE75F /* Debug */ = {
			isa = XCBuildConfiguration;
			buildSettings = {
				INFOPLIST_FILE = DQModoki1UITests/Info.plist;
				LD_RUNPATH_SEARCH_PATHS = "$(inherited) @executable_path/Frameworks @loader_path/Frameworks";
				PRODUCT_BUNDLE_IDENTIFIER = com.snow.DQModoki1UITests;
				PRODUCT_NAME = "$(TARGET_NAME)";
				TEST_TARGET_NAME = DQModoki1;
			};
			name = Debug;
		};
		3163E82B1DCC551800CAE75F /* Release */ = {
			isa = XCBuildConfiguration;
			buildSettings = {
				INFOPLIST_FILE = DQModoki1UITests/Info.plist;
				LD_RUNPATH_SEARCH_PATHS = "$(inherited) @executable_path/Frameworks @loader_path/Frameworks";
				PRODUCT_BUNDLE_IDENTIFIER = com.snow.DQModoki1UITests;
				PRODUCT_NAME = "$(TARGET_NAME)";
				TEST_TARGET_NAME = DQModoki1;
			};
			name = Release;
		};
/* End XCBuildConfiguration section */

/* Begin XCConfigurationList section */
		3163E7F61DCC551700CAE75F /* Build configuration list for PBXProject "DQModoki1" */ = {
			isa = XCConfigurationList;
			buildConfigurations = (
				3163E8211DCC551800CAE75F /* Debug */,
				3163E8221DCC551800CAE75F /* Release */,
			);
			defaultConfigurationIsVisible = 0;
			defaultConfigurationName = Release;
		};
		3163E8231DCC551800CAE75F /* Build configuration list for PBXNativeTarget "DQModoki1" */ = {
			isa = XCConfigurationList;
			buildConfigurations = (
				3163E8241DCC551800CAE75F /* Debug */,
				3163E8251DCC551800CAE75F /* Release */,
			);
			defaultConfigurationIsVisible = 0;
			defaultConfigurationName = Release;
		};
		3163E8261DCC551800CAE75F /* Build configuration list for PBXNativeTarget "DQModoki1Tests" */ = {
			isa = XCConfigurationList;
			buildConfigurations = (
				3163E8271DCC551800CAE75F /* Debug */,
				3163E8281DCC551800CAE75F /* Release */,
			);
			defaultConfigurationIsVisible = 0;
			defaultConfigurationName = Release;
		};
		3163E8291DCC551800CAE75F /* Build configuration list for PBXNativeTarget "DQModoki1UITests" */ = {
			isa = XCConfigurationList;
			buildConfigurations = (
				3163E82A1DCC551800CAE75F /* Debug */,
				3163E82B1DCC551800CAE75F /* Release */,
			);
			defaultConfigurationIsVisible = 0;
			defaultConfigurationName = Release;
		};
/* End XCConfigurationList section */
	};
	rootObject = 3163E7F31DCC551700CAE75F /* Project object */;
}
